Microsoft Visual Studio Solution File, Format Version 12.00
# Visual Studio Version 18
VisualStudioVersion = 18.8.12023.21
MinimumVisualStudioVersion = 10.0.40219.1
Project("{2150E333-8FDC-42A3-9474-1A3956D46DE8}") = "Lab3", "Lab3", "{0BDFAA65-69F8-42CD-8D65-A1D017378B9C}"
EndProject
Project("{8BC9CEB8-8B4A-11D0-8D11-00A0C91BC942}") = "readfile", "readfile\readfile.vcxproj", "{76F7623E-1850-4214-A8F2-764660EF2A4E}"
EndProject
Project("{8BC9CEB8-8B4A-11D0-8D11-00A0C91BC942}") = "lodepng", "lodepng\lodepng.vcxproj", "{D3FA4B4E-8EC1-4194-B97D-C1CB52C93264}"
EndProject
Project("{8BC9CEB8-8B4A-11D0-8D11-00A0C91BC942}") = "lab3-1", "lab3-1.vcxproj", "{1662708F-E67D-400F-93FA-67156446468C}"
	ProjectSection(ProjectDependencies) = postProject
		{76F7623E-1850-4214-A8F2-764660EF2A4E} = {76F7623E-1850-4214-A8F2-764660EF2A4E}
		{D3FA4B4E-8EC1-4194-B97D-C1CB52C93264} = {D3FA4B4E-8EC1-4194-B97D-C1CB52C93264}
	EndProjectSection
EndProject
Project("{8BC9CEB8-8B4A-11D0-8D11-00A0C91BC942}") = "lab3-2", "lab3-2.vcxproj", "{A37D915C-F3AC-4315-8C18-8538A1DD2A80}"
	ProjectSection(ProjectDependencies) = postProject
		{76F7623E-1850-4214-A8F2-764660EF2A4E} = {76F7623E-1850-4214-A8F2-764660EF2A4E}
		{D3FA4B4E-8EC1-4194-B97D-C1CB52C93264} = {D3FA4B4E-8EC1-4194-B97D-C1CB52C93264}
	EndProjectSection
EndProject
Project("{8BC9CEB8-8B4A-11D0-8D11-00A0C91BC942}") = "lab3-3", "lab3-3.vcxproj", "{D33F4189-0F40-4A11-8CC7-AB7412FC3F65}"
	ProjectSection(ProjectDependencies) = postProject
		{76F7623E-1850-4214-A8F2-764660EF2A4E} = {76F7623E-1850-4214-A8F2-764660EF2A4E}
		{D3FA4B4E-8EC1-4194-B97D-C1CB52C93264} = {D3FA4B4E-8EC1-4194-B97D-C1CB52C93264}
	EndProjectSection
EndProject
Project("{8BC9CEB8-8B4A-11D0-8D11-00A0C91BC942}") = "lab3-4", "lab3-4.vcxproj", "{9730363A-8AD1-4E02-ABC6-FF079383BB37}"
	ProjectSection(ProjectDependencies) = postProject
		{76F7623E-1850-4214-A8F2-764660EF2A4E} = {76F7623E-1850-4214-A8F2-764660EF2A4E}
		{D3FA4B4E-8EC1-4194-B97D-C1CB52C93264} = {D3FA4B4E-8EC1-4194-B97D-C1CB52C93264}
	EndProjectSection
EndProject
Global
	GlobalSection(SolutionConfigurationPlatforms) = preSolution
		Debug|x64 = Debug|x64
		Debug|x86 = Debug|x86
		Release|x64 = Release|x64
		Release|x86 = Release|x86
	EndGlobalSection
	GlobalSection(ProjectConfigurationPlatforms) = postSolution
		{76F7623E-1850-4214-A8F2-764660EF2A4E}.Debug|x64.ActiveCfg = Debug|x64
		{76F7623E-1850-4214-A8F2-764660EF2A4E}.Debug|x64.Build.0 = Debug|x64
		{76F7623E-1850-4214-A8F2-764660EF2A4E}.Debug|x86.ActiveCfg = Debug|Win32
		{76F7623E-1850-4214-A8F2-764660EF2A4E}.Debug|x86.Build.0 = Debug|Win32
		{76F7623E-1850-4214-A8F2-764660EF2A4E}.Release|x64.ActiveCfg = Release|x64
		{76F7623E-1850-4214-A8F2-764660EF2A4E}.Release|x64.Build.0 = Release|x64
		{76F7623E-1850-4214-A8F2-764660EF2A4E}.Release|x86.ActiveCfg = Release|Win32
		{76F7623E-1850-4214-A8F2-764660EF2A4E}.Release|x86.Build.0 = Release|Win32
		{D3FA4B4E-8EC1-4194-B97D-C1CB52C93264}.Debug|x64.ActiveCfg = Debug|x64
		{D3FA4B4E-8EC1-4194-B97D-C1CB52C93264}.Debug|x64.Build.0 = Debug|x64
		{D3FA4B4E-8EC1-4194-B97D-C1CB52C93264}.Debug|x86.ActiveCfg = Debug|Win32
		{D3FA4B4E-8EC1-4194-B97D-C1CB52C93264}.Debug|x86.Build.0 = Debug|Win32
		{D3FA4B4E-8EC1-4194-B97D-C1CB52C93264}.Release|x64.ActiveCfg = Release|x64
		{D3FA4B4E-8EC1-4194-B97D-C1CB52C93264}.Release|x64.Build.0 = Release|x64
		{D3FA4B4E-8EC1-4194-B97D-C1CB52C93264}.Release|x86.ActiveCfg = Release|Win32
		{D3FA4B4E-8EC1-4194-B97D-C1CB52C93264}.Release|x86.Build.0 = Release|Win32
		{1662708F-E67D-400F-93FA-67156446468C}.Debug|x64.ActiveCfg = Debug|x64
		{1662708F-E67D-400F-93FA-67156446468C}.Debug|x64.Build.0 = Debug|x64
		{1662708F-E67D-400F-93FA-67156446468C}.Debug|x86.ActiveCfg = Debug|Win32
		{1662708F-E67D-400F-93FA-67156446468C}.Debug|x86.Build.0 = Debug|Win32
		{1662708F-E67D-400F-93FA-67156446468C}.Release|x64.ActiveCfg = Release|x64
		{1662708F-E67D-400F-93FA-67156446468C}.Release|x64.Build.0 = Release|x64
		{1662708F-E67D-400F-93FA-67156446468C}.Release|x86.ActiveCfg = Release|Win32
		{1662708F-E67D-400F-93FA-67156446468C}.Release|x86.Build.0 = Release|Win32
		{A37D915C-F3AC-4315-8C18-8538A1DD2A80}.Debug|x64.ActiveCfg = Debug|x64
		{A37D915C-F3AC-4315-8C18-8538A1DD2A80}.Debug|x64.Build.0 = Debug|x64
		{A37D915C-F3AC-4315-8C18-8538A1DD2A80}.Debug|x86.ActiveCfg = Debug|Win32
		{A37D915C-F3AC-4315-8C18-8538A1DD2A80}.Debug|x86.Build.0 = Debug|Win32
		{A37D915C-F3AC-4315-8C18-8538A1DD2A80}.Release|x64.ActiveCfg = Release|x64
		{A37D915C-F3AC-4315-8C18-8538A1DD2A80}.Release|x64.Build.0 = Release|x64
		{A37D915C-F3AC-4315-8C18-8538A1DD2A80}.Release|x86.ActiveCfg = Release|Win32
		{A37D915C-F3AC-4315-8C18-8538A1DD2A80}.Release|x86.Build.0 = Release|Win32
		{D33F4189-0F40-4A11-8CC7-AB7412FC3F65}.Debug|x64.ActiveCfg = Debug|x64
		{D33F4189-0F40-4A11-8CC7-AB7412FC3F65}.Debug|x64.Build.0 = Debug|x64
		{D33F4189-0F40-4A11-8CC7-AB7412FC3F65}.Debug|x86.ActiveCfg = Debug|Win32
		{D33F4189-0F40-4A11-8CC7-AB7412FC3F65}.Debug|x86.Build.0 = Debug|Win32
		{D33F4189-0F40-4A11-8CC7-AB7412FC3F65}.Release|x64.ActiveCfg = Release|x64
		{D33F4189-0F40-4A11-8CC7-AB7412FC3F65}.Release|x64.Build.0 = Release|x64
		{D33F4189-0F40-4A11-8CC7-AB7412FC3F65}.Release|x86.ActiveCfg = Release|Win32
		{D33F4189-0F40-4A11-8CC7-AB7412FC3F65}.Release|x86.Build.0 = Release|Win32
		{9730363A-8AD1-4E02-ABC6-FF079383BB37}.Debug|x64.ActiveCfg = Debug|x64
		{9730363A-8AD1-4E02-ABC6-FF079383BB37}.Debug|x64.Build.0 = Debug|x64
		{9730363A-8AD1-4E02-ABC6-FF079383BB37}.Debug|x86.ActiveCfg = Debug|Win32
		{9730363A-8AD1-4E02-ABC6-FF079383BB37}.Debug|x86.Build.0 = Debug|Win32
		{9730363A-8AD1-4E02-ABC6-FF079383BB37}.Release|x64.ActiveCfg = Release|x64
		{9730363A-8AD1-4E02-ABC6-FF079383BB37}.Release|x64.Build.0 = Release|x64
		{9730363A-8AD1-4E02-ABC6-FF079383BB37}.Release|x86.ActiveCfg = Release|Win32
		{9730363A-8AD1-4E02-ABC6-FF079383BB37}.Release|x86.Build.0 = Release|Win32
	EndGlobalSection
	GlobalSection(SolutionProperties) = preSolution
		HideSolutionNode = FALSE
	EndGlobalSection
	GlobalSection(NestedProjects) = preSolution
		{1662708F-E67D-400F-93FA-67156446468C} = {0BDFAA65-69F8-42CD-8D65-A1D017378B9C}
		{A37D915C-F3AC-4315-8C18-8538A1DD2A80} = {0BDFAA65-69F8-42CD-8D65-A1D017378B9C}
		{D33F4189-0F40-4A11-8CC7-AB7412FC3F65} = {0BDFAA65-69F8-42CD-8D65-A1D017378B9C}
		{9730363A-8AD1-4E02-ABC6-FF079383BB37} = {0BDFAA65-69F8-42CD-8D65-A1D017378B9C}
	EndGlobalSection
	GlobalSection(ExtensibilityGlobals) = postSolution
		SolutionGuid = {D01B59E4-56C8-4631-8CD0-C8C62F1E373A}
	EndGlobalSection
EndGlobal
